
Microsoft Visual Studio Solution File, Format Version 12.00
# Visual Studio Version 16
VisualStudioVersion = 16.0.29613.14
MinimumVisualStudioVersion = 10.0.40219.1
Project("{FAE04EC0-301F-11D3-BF4B-00C04F79EFBC}") = "VookingAPI", "VookingAPI\VookingAPI.csproj", "{FBB7E5CB-D79D-44D5-823A-8993833DF786}"
EndProject
Project("{FAE04EC0-301F-11D3-BF4B-00C04F79EFBC}") = "VookingAPI.Data", "VookingAPI.Data\VookingAPI.Data.csproj", "{6FB63CDC-877E-492D-BA25-8CD82C7BF06C}"
EndProject
Global
	GlobalSection(SolutionConfigurationPlatforms) = preSolution
		Debug|Any CPU = Debug|Any CPU
		Release|Any CPU = Release|Any CPU
	EndGlobalSection
	GlobalSection(ProjectConfigurationPlatforms) = postSolution
		{FBB7E5CB-D79D-44D5-823A-8993833DF786}.Debug|Any CPU.ActiveCfg = Debug|Any CPU
		{FBB7E5CB-D79D-44D5-823A-8993833DF786}.Debug|Any CPU.Build.0 = Debug|Any CPU
		{FBB7E5CB-D79D-44D5-823A-8993833DF786}.Release|Any CPU.ActiveCfg = Release|Any CPU
		{FBB7E5CB-D79D-44D5-823A-8993833DF786}.Release|Any CPU.Build.0 = Release|Any CPU
		{6FB63CDC-877E-492D-BA25-8CD82C7BF06C}.Debug|Any CPU.ActiveCfg = Debug|Any CPU
		{6FB63CDC-877E-492D-BA25-8CD82C7BF06C}.Debug|Any CPU.Build.0 = Debug|Any CPU
		{6FB63CDC-877E-492D-BA25-8CD82C7BF06C}.Release|Any CPU.ActiveCfg = Release|Any CPU
		{6FB63CDC-877E-492D-BA25-8CD82C7BF06C}.Release|Any CPU.Build.0 = Release|Any CPU
	EndGlobalSection
	GlobalSection(SolutionProperties) = preSolution
		HideSolutionNode = FALSE
	EndGlobalSection
	GlobalSection(ExtensibilityGlobals) = postSolution
		SolutionGuid = {A665DDF0-9A49-4837-9458-B4CBDA92ACE6}
	EndGlobalSection
EndGlobal
